// !$*UTF8*$!
{
	archiveVersion = 1;
	classes = {
	};
	objectVersion = 56;
	objects = {

/* Begin PBXBuildFile section */
		CEC542602BC5737A00EDD956 /* GitHubSearchApp.swift in Sources */ = {isa = PBXBuildFile; fileRef = CEC5425F2BC5737A00EDD956 /* GitHubSearchApp.swift */; };
		CEC542622BC5737A00EDD956 /* HomeView.swift in Sources */ = {isa = PBXBuildFile; fileRef = CEC542612BC5737A00EDD956 /* HomeView.swift */; };
		CEC542642BC5737B00EDD956 /* Assets.xcassets in Resources */ = {isa = PBXBuildFile; fileRef = CEC542632BC5737B00EDD956 /* Assets.xcassets */; };
		CEC542672BC5737B00EDD956 /* Preview Assets.xcassets in Resources */ = {isa = PBXBuildFile; fileRef = CEC542662BC5737B00EDD956 /* Preview Assets.xcassets */; };
		CEC5426E2BC5756900EDD956 /* API.swift in Sources */ = {isa = PBXBuildFile; fileRef = CEC5426D2BC5756900EDD956 /* API.swift */; };
		CEC542702BC575C800EDD956 /* Model.swift in Sources */ = {isa = PBXBuildFile; fileRef = CEC5426F2BC575C800EDD956 /* Model.swift */; };
		CEC542722BC5787800EDD956 /* RepositoryViewModel.swift in Sources */ = {isa = PBXBuildFile; fileRef = CEC542712BC5787800EDD956 /* RepositoryViewModel.swift */; };
		CEC542742BC5837400EDD956 /* RepoListItem.swift in Sources */ = {isa = PBXBuildFile; fileRef = CEC542732BC5837400EDD956 /* RepoListItem.swift */; };
		CEC542762BC5890900EDD956 /* RepoDetailView.swift in Sources */ = {isa = PBXBuildFile; fileRef = CEC542752BC5890900EDD956 /* RepoDetailView.swift */; };
		CEC542792BC655EC00EDD956 /* CustomAlertKit in Frameworks */ = {isa = PBXBuildFile; productRef = CEC542782BC655EC00EDD956 /* CustomAlertKit */; };
/* End PBXBuildFile section */

/* Begin PBXFileReference section */
		CEC5425C2BC5737A00EDD956 /* GitHubSearch.app */ = {isa = PBXFileReference; explicitFileType = wrapper.application; includeInIndex = 0; path = GitHubSearch.app; sourceTree = BUILT_PRODUCTS_DIR; };
		CEC5425F2BC5737A00EDD956 /* GitHubSearchApp.swift */ = {isa = PBXFileReference; lastKnownFileType = sourcecode.swift; path = GitHubSearchApp.swift; sourceTree = "<group>"; };
		CEC542612BC5737A00EDD956 /* HomeView.swift */ = {isa = PBXFileReference; lastKnownFileType = sourcecode.swift; path = HomeView.swift; sourceTree = "<group>"; };
		CEC542632BC5737B00EDD956 /* Assets.xcassets */ = {isa = PBXFileReference; lastKnownFileType = folder.assetcatalog; path = Assets.xcassets; sourceTree = "<group>"; };
		CEC542662BC5737B00EDD956 /* Preview Assets.xcassets */ = {isa = PBXFileReference; lastKnownFileType = folder.assetcatalog; path = "Preview Assets.xcassets"; sourceTree = "<group>"; };
		CEC5426D2BC5756900EDD956 /* API.swift */ = {isa = PBXFileReference; lastKnownFileType = sourcecode.swift; path = API.swift; sourceTree = "<group>"; };
		CEC5426F2BC575C800EDD956 /* Model.swift */ = {isa = PBXFileReference; lastKnownFileType = sourcecode.swift; path = Model.swift; sourceTree = "<group>"; };
		CEC542712BC5787800EDD956 /* RepositoryViewModel.swift */ = {isa = PBXFileReference; lastKnownFileType = sourcecode.swift; path = RepositoryViewModel.swift; sourceTree = "<group>"; };
		CEC542732BC5837400EDD956 /* RepoListItem.swift */ = {isa = PBXFileReference; lastKnownFileType = sourcecode.swift; path = RepoListItem.swift; sourceTree = "<group>"; };
		CEC542752BC5890900EDD956 /* RepoDetailView.swift */ = {isa = PBXFileReference; lastKnownFileType = sourcecode.swift; path = RepoDetailView.swift; sourceTree = "<group>"; };
/* End PBXFileReference section */

/* Begin PBXFrameworksBuildPhase section */
		CEC542592BC5737A00EDD956 /* Frameworks */ = {
			isa = PBXFrameworksBuildPhase;
			buildActionMask = 2147483647;
			files = (
				CEC542792BC655EC00EDD956 /* CustomAlertKit in Frameworks */,
			);
			runOnlyForDeploymentPostprocessing = 0;
		};
/* End PBXFrameworksBuildPhase section */

/* Begin PBXGroup section */
		CEC542532BC5737A00EDD956 = {
			isa = PBXGroup;
			children = (
				CEC5425E2BC5737A00EDD956 /* GitHubSearch */,
				CEC5425D2BC5737A00EDD956 /* Products */,
			);
			sourceTree = "<group>";
		};
		CEC5425D2BC5737A00EDD956 /* Products */ = {
			isa = PBXGroup;
			children = (
				CEC5425C2BC5737A00EDD956 /* GitHubSearch.app */,
			);
			name = Products;
			sourceTree = "<group>";
		};
		CEC5425E2BC5737A00EDD956 /* GitHubSearch */ = {
			isa = PBXGroup;
			children = (
				CEC5425F2BC5737A00EDD956 /* GitHubSearchApp.swift */,
				CEC542612BC5737A00EDD956 /* HomeView.swift */,
				CEC542632BC5737B00EDD956 /* Assets.xcassets */,
				CEC542652BC5737B00EDD956 /* Preview Content */,
				CEC5426D2BC5756900EDD956 /* API.swift */,
				CEC5426F2BC575C800EDD956 /* Model.swift */,
				CEC542732BC5837400EDD956 /* RepoListItem.swift */,
				CEC542712BC5787800EDD956 /* RepositoryViewModel.swift */,
				CEC542752BC5890900EDD956 /* RepoDetailView.swift */,
			);
			path = GitHubSearch;
			sourceTree = "<group>";
		};
		CEC542652BC5737B00EDD956 /* Preview Content */ = {
			isa = PBXGroup;
			children = (
				CEC542662BC5737B00EDD956 /* Preview Assets.xcassets */,
			);
			path = "Preview Content";
			sourceTree = "<group>";
		};
/* End PBXGroup section */

/* Begin PBXNativeTarget section */
		CEC5425B2BC5737A00EDD956 /* GitHubSearch */ = {
			isa = PBXNativeTarget;
			buildConfigurationList = CEC5426A2BC5737B00EDD956 /* Build configuration list for PBXNativeTarget "GitHubSearch" */;
			buildPhases = (
				CEC542582BC5737A00EDD956 /* Sources */,
				CEC542592BC5737A00EDD956 /* Frameworks */,
				CEC5425A2BC5737A00EDD956 /* Resources */,
			);
			buildRules = (
			);
			dependencies = (
			);
			name = GitHubSearch;
			packageProductDependencies = (
				CEC542782BC655EC00EDD956 /* CustomAlertKit */,
			);
			productName = GitHubSearch;
			productReference = CEC5425C2BC5737A00EDD956 /* GitHubSearch.app */;
			productType = "com.apple.product-type.application";
		};
/* End PBXNativeTarget section */

/* Begin PBXProject section */
		CEC542542BC5737A00EDD956 /* Project object */ = {
			isa = PBXProject;
			attributes = {
				BuildIndependentTargetsInParallel = 1;
				LastSwiftUpdateCheck = 1530;
				LastUpgradeCheck = 1530;
				TargetAttributes = {
					CEC5425B2BC5737A00EDD956 = {
						CreatedOnToolsVersion = 15.3;
					};
				};
			};
			buildConfigurationList = CEC542572BC5737A00EDD956 /* Build configuration list for PBXProject "GitHubSearch" */;
			compatibilityVersion = "Xcode 14.0";
			developmentRegion = en;
			hasScannedForEncodings = 0;
			knownRegions = (
				en,
				Base,
			);
			mainGroup = CEC542532BC5737A00EDD956;
			packageReferences = (
				CEC542772BC655EC00EDD956 /* XCRemoteSwiftPackageReference "CustomAlertKit" */,
			);
			productRefGroup = CEC5425D2BC5737A00EDD956 /* Products */;
			projectDirPath = "";
			projectRoot = "";
			targets = (
				CEC5425B2BC5737A00EDD956 /* GitHubSearch */,
			);
		};
/* End PBXProject section */

/* Begin PBXResourcesBuildPhase section */
		CEC5425A2BC5737A00EDD956 /* Resources */ = {
			isa = PBXResourcesBuildPhase;
			buildActionMask = 2147483647;
			files = (
				CEC542672BC5737B00EDD956 /* Preview Assets.xcassets in Resources */,
				CEC542642BC5737B00EDD956 /* Assets.xcassets in Resources */,
			);
			runOnlyForDeploymentPostprocessing = 0;
		};
/* End PBXResourcesBuildPhase section */

/* Begin PBXSourcesBuildPhase section */
		CEC542582BC5737A00EDD956 /* Sources */ = {
			isa = PBXSourcesBuildPhase;
			buildActionMask = 2147483647;
			files = (
				CEC542622BC5737A00EDD956 /* HomeView.swift in Sources */,
				CEC5426E2BC5756900EDD956 /* API.swift in Sources */,
				CEC542742BC5837400EDD956 /* RepoListItem.swift in Sources */,
				CEC542722BC5787800EDD956 /* RepositoryViewModel.swift in Sources */,
				CEC542602BC5737A00EDD956 /* GitHubSearchApp.swift in Sources */,
				CEC542762BC5890900EDD956 /* RepoDetailView.swift in Sources */,
				CEC542702BC575C800EDD956 /* Model.swift in Sources */,
			);
			runOnlyForDeploymentPostprocessing = 0;
		};
/* End PBXSourcesBuildPhase section */

/* Begin XCBuildConfiguration section */
		CEC542682BC5737B00EDD956 /* Debug */ = {
			isa = XCBuildConfiguration;
			buildSettings = {
				ALWAYS_SEARCH_USER_PATHS = NO;
				ASSETCATALOG_COMPILER_GENERATE_SWIFT_ASSET_SYMBOL_EXTENSIONS = YES;
				CLANG_ANALYZER_NONNULL = YES;
				CLANG_ANALYZER_NUMBER_OBJECT_CONVERSION = YES_AGGRESSIVE;
				CLANG_CXX_LANGUAGE_STANDARD = "gnu++20";
				CLANG_ENABLE_MODULES = YES;
				CLANG_ENABLE_OBJC_ARC = YES;
				CLANG_ENABLE_OBJC_WEAK = YES;
				CLANG_WARN_BLOCK_CAPTURE_AUTORELEASING = YES;
				CLANG_WARN_BOOL_CONVERSION = YES;
				CLANG_WARN_COMMA = YES;
				CLANG_WARN_CONSTANT_CONVERSION = YES;
				CLANG_WARN_DEPRECATED_OBJC_IMPLEMENTATIONS = YES;
				CLANG_WARN_DIRECT_OBJC_ISA_USAGE = YES_ERROR;
				CLANG_WARN_DOCUMENTATION_COMMENTS = YES;
				CLANG_WARN_EMPTY_BODY = YES;
				CLANG_WARN_ENUM_CONVERSION = YES;
				CLANG_WARN_INFINITE_RECURSION = YES;
				CLANG_WARN_INT_CONVERSION = YES;
				CLANG_WARN_NON_LITERAL_NULL_CONVERSION = YES;
				CLANG_WARN_OBJC_IMPLICIT_RETAIN_SELF = YES;
				CLANG_WARN_OBJC_LITERAL_CONVERSION = YES;
				CLANG_WARN_OBJC_ROOT_CLASS = YES_ERROR;
				CLANG_WARN_QUOTED_INCLUDE_IN_FRAMEWORK_HEADER = YES;
				CLANG_WARN_RANGE_LOOP_ANALYSIS = YES;
				CLANG_WARN_STRICT_PROTOTYPES = YES;
				CLANG_WARN_SUSPICIOUS_MOVE = YES;
				CLANG_WARN_UNGUARDED_AVAILABILITY = YES_AGGRESSIVE;
				CLANG_WARN_UNREACHABLE_CODE = YES;
				CLANG_WARN__DUPLICATE_METHOD_MATCH = YES;
				COPY_PHASE_STRIP = NO;
				DEBUG_INFORMATION_FORMAT = dwarf;
				ENABLE_STRICT_OBJC_MSGSEND = YES;
				ENABLE_TESTABILITY = YES;
				ENABLE_USER_SCRIPT_SANDBOXING = YES;
				GCC_C_LANGUAGE_STANDARD = gnu17;
				GCC_DYNAMIC_NO_PIC = NO;
				GCC_NO_COMMON_BLOCKS = YES;
				GCC_OPTIMIZATION_LEVEL = 0;
				GCC_PREPROCESSOR_DEFINITIONS = (
					"DEBUG=1",
					"$(inherited)",
				);
				GCC_WARN_64_TO_32_BIT_CONVERSION = YES;
				GCC_WARN_ABOUT_RETURN_TYPE = YES_ERROR;
				GCC_WARN_UNDECLARED_SELECTOR = YES;
				GCC_WARN_UNINITIALIZED_AUTOS = YES_AGGRESSIVE;
				GCC_WARN_UNUSED_FUNCTION = YES;
				GCC_WARN_UNUSED_VARIABLE = YES;
				IPHONEOS_DEPLOYMENT_TARGET = 17.4;
				LOCALIZATION_PREFERS_STRING_CATALOGS = YES;
				MTL_ENABLE_DEBUG_INFO = INCLUDE_SOURCE;
				MTL_FAST_MATH = YES;
				ONLY_ACTIVE_ARCH = YES;
				SDKROOT = iphoneos;
				SWIFT_ACTIVE_COMPILATION_CONDITIONS = "DEBUG $(inherited)";
				SWIFT_OPTIMIZATION_LEVEL = "-Onone";
			};
			name = Debug;
		};
		CEC542692BC5737B00EDD956 /* Release */ = {
			isa = XCBuildConfiguration;
			buildSettings = {
				ALWAYS_SEARCH_USER_PATHS = NO;
				ASSETCATALOG_COMPILER_GENERATE_SWIFT_ASSET_SYMBOL_EXTENSIONS = YES;
				CLANG_ANALYZER_NONNULL = YES;
				CLANG_ANALYZER_NUMBER_OBJECT_CONVERSION = YES_AGGRESSIVE;
				CLANG_CXX_LANGUAGE_STANDARD = "gnu++20";
				CLANG_ENABLE_MODULES = YES;
				CLANG_ENABLE_OBJC_ARC = YES;
				CLANG_ENABLE_OBJC_WEAK = YES;
				CLANG_WARN_BLOCK_CAPTURE_AUTORELEASING = YES;
				CLANG_WARN_BOOL_CONVERSION = YES;
				CLANG_WARN_COMMA = YES;
				CLANG_WARN_CONSTANT_CONVERSION = YES;
				CLANG_WARN_DEPRECATED_OBJC_IMPLEMENTATIONS = YES;
				CLANG_WARN_DIRECT_OBJC_ISA_USAGE = YES_ERROR;
				CLANG_WARN_DOCUMENTATION_COMMENTS = YES;
				CLANG_WARN_EMPTY_BODY = YES;
				CLANG_WARN_ENUM_CONVERSION = YES;
				CLANG_WARN_INFINITE_RECURSION = YES;
				CLANG_WARN_INT_CONVERSION = YES;
				CLANG_WARN_NON_LITERAL_NULL_CONVERSION = YES;
				CLANG_WARN_OBJC_IMPLICIT_RETAIN_SELF = YES;
				CLANG_WARN_OBJC_LITERAL_CONVERSION = YES;
				CLANG_WARN_OBJC_ROOT_CLASS = YES_ERROR;
				CLANG_WARN_QUOTED_INCLUDE_IN_FRAMEWORK_HEADER = YES;
				CLANG_WARN_RANGE_LOOP_ANALYSIS = YES;
				CLANG_WARN_STRICT_PROTOTYPES = YES;
				CLANG_WARN_SUSPICIOUS_MOVE = YES;
				CLANG_WARN_UNGUARDED_AVAILABILITY = YES_AGGRESSIVE;
				CLANG_WARN_UNREACHABLE_CODE = YES;
				CLANG_WARN__DUPLICATE_METHOD_MATCH = YES;
				COPY_PHASE_STRIP = NO;
				DEBUG_INFORMATION_FORMAT = "dwarf-with-dsym";
				ENABLE_NS_ASSERTIONS = NO;
				ENABLE_STRICT_OBJC_MSGSEND = YES;
				ENABLE_USER_SCRIPT_SANDBOXING = YES;
				GCC_C_LANGUAGE_STANDARD = gnu17;
				GCC_NO_COMMON_BLOCKS = YES;
				GCC_WARN_64_TO_32_BIT_CONVERSION = YES;
				GCC_WARN_ABOUT_RETURN_TYPE = YES_ERROR;
				GCC_WARN_UNDECLARED_SELECTOR = YES;
				GCC_WARN_UNINITIALIZED_AUTOS = YES_AGGRESSIVE;
				GCC_WARN_UNUSED_FUNCTION = YES;
				GCC_WARN_UNUSED_VARIABLE = YES;
				IPHONEOS_DEPLOYMENT_TARGET = 17.4;
				LOCALIZATION_PREFERS_STRING_CATALOGS = YES;
				MTL_ENABLE_DEBUG_INFO = NO;
				MTL_FAST_MATH = YES;
				SDKROOT = iphoneos;
				SWIFT_COMPILATION_MODE = wholemodule;
				VALIDATE_PRODUCT = YES;
			};
			name = Release;
		};
		CEC5426B2BC5737B00EDD956 /* Debug */ = {
			isa = XCBuildConfiguration;
			buildSettings = {
				ASSETCATALOG_COMPILER_APPICON_NAME = AppIcon;
				ASSETCATALOG_COMPILER_GLOBAL_ACCENT_COLOR_NAME = AccentColor;
				CODE_SIGN_STYLE = Automatic;
				CURRENT_PROJECT_VERSION = 1;
				DEVELOPMENT_ASSET_PATHS = "\"GitHubSearch/Preview Content\"";
				DEVELOPMENT_TEAM = 5YDPFZTS8D;
				ENABLE_PREVIEWS = YES;
				GENERATE_INFOPLIST_FILE = YES;
				INFOPLIST_KEY_UIApplicationSceneManifest_Generation = YES;
				INFOPLIST_KEY_UIApplicationSupportsIndirectInputEvents = YES;
				INFOPLIST_KEY_UILaunchScreen_Generation = YES;
				INFOPLIST_KEY_UISupportedInterfaceOrientations_iPad = "UIInterfaceOrientationPortrait UIInterfaceOrientationPortraitUpsideDown UIInterfaceOrientationLandscapeLeft UIInterfaceOrientationLandscapeRight";
				INFOPLIST_KEY_UISupportedInterfaceOrientations_iPhone = "UIInterfaceOrientationPortrait UIInterfaceOrientationLandscapeLeft UIInterfaceOrientationLandscapeRight";
				LD_RUNPATH_SEARCH_PATHS = (
					"$(inherited)",
					"@executable_path/Frameworks",
				);
				MARKETING_VERSION = 1.0;
				PRODUCT_BUNDLE_IDENTIFIER = com.bencetoth.GitHubSearch;
				PRODUCT_NAME = "$(TARGET_NAME)";
				SWIFT_EMIT_LOC_STRINGS = YES;
				SWIFT_VERSION = 5.0;
				TARGETED_DEVICE_FAMILY = "1,2";
			};
			name = Debug;
		};
		CEC5426C2BC5737B00EDD956 /* Release */ = {
			isa = XCBuildConfiguration;
			buildSettings = {
				ASSETCATALOG_COMPILER_APPICON_NAME = AppIcon;
				ASSETCATALOG_COMPILER_GLOBAL_ACCENT_COLOR_NAME = AccentColor;
				CODE_SIGN_STYLE = Automatic;
				CURRENT_PROJECT_VERSION = 1;
				DEVELOPMENT_ASSET_PATHS = "\"GitHubSearch/Preview Content\"";
				DEVELOPMENT_TEAM = 5YDPFZTS8D;
				ENABLE_PREVIEWS = YES;
				GENERATE_INFOPLIST_FILE = YES;
				INFOPLIST_KEY_UIApplicationSceneManifest_Generation = YES;
				INFOPLIST_KEY_UIApplicationSupportsIndirectInputEvents = YES;
				INFOPLIST_KEY_UILaunchScreen_Generation = YES;
				INFOPLIST_KEY_UISupportedInterfaceOrientations_iPad = "UIInterfaceOrientationPortrait UIInterfaceOrientationPortraitUpsideDown UIInterfaceOrientationLandscapeLeft UIInterfaceOrientationLandscapeRight";
				INFOPLIST_KEY_UISupportedInterfaceOrientations_iPhone = "UIInterfaceOrientationPortrait UIInterfaceOrientationLandscapeLeft UIInterfaceOrientationLandscapeRight";
				LD_RUNPATH_SEARCH_PATHS = (
					"$(inherited)",
					"@executable_path/Frameworks",
				);
				MARKETING_VERSION = 1.0;
				PRODUCT_BUNDLE_IDENTIFIER = com.bencetoth.GitHubSearch;
				PRODUCT_NAME = "$(TARGET_NAME)";
				SWIFT_EMIT_LOC_STRINGS = YES;
				SWIFT_VERSION = 5.0;
				TARGETED_DEVICE_FAMILY = "1,2";
			};
			name = Release;
		};
/* End XCBuildConfiguration section */

/* Begin XCConfigurationList section */
		CEC542572BC5737A00EDD956 /* Build configuration list for PBXProject "GitHubSearch" */ = {
			isa = XCConfigurationList;
			buildConfigurations = (
				CEC542682BC5737B00EDD956 /* Debug */,
				CEC542692BC5737B00EDD956 /* Release */,
			);
			defaultConfigurationIsVisible = 0;
			defaultConfigurationName = Release;
		};
		CEC5426A2BC5737B00EDD956 /* Build configuration list for PBXNativeTarget "GitHubSearch" */ = {
			isa = XCConfigurationList;
			buildConfigurations = (
				CEC5426B2BC5737B00EDD956 /* Debug */,
				CEC5426C2BC5737B00EDD956 /* Release */,
			);
			defaultConfigurationIsVisible = 0;
			defaultConfigurationName = Release;
		};
/* End XCConfigurationList section */

/* Begin XCRemoteSwiftPackageReference section */
		CEC542772BC655EC00EDD956 /* XCRemoteSwiftPackageReference "CustomAlertKit" */ = {
			isa = XCRemoteSwiftPackageReference;
			repositoryURL = "https://github.com/bence-t0th/CustomAlertKit";
			requirement = {
				kind = upToNextMajorVersion;
				minimumVersion = 2.0.0;
			};
		};
/* End XCRemoteSwiftPackageReference section */

/* Begin XCSwiftPackageProductDependency section */
		CEC542782BC655EC00EDD956 /* CustomAlertKit */ = {
			isa = XCSwiftPackageProductDependency;
			package = CEC542772BC655EC00EDD956 /* XCRemoteSwiftPackageReference "CustomAlertKit" */;
			productName = CustomAlertKit;
		};
/* End XCSwiftPackageProductDependency section */
	};
	rootObject = CEC542542BC5737A00EDD956 /* Project object */;
}
